
Microsoft Visual Studio Solution File, Format Version 12.00
# Visual Studio 15
VisualStudioVersion = 15.0.28307.136
MinimumVisualStudioVersion = 10.0.40219.1
Project("{FAE04EC0-301F-11D3-BF4B-00C04F79EFBC}") = "netcore-angular", "netcore-angular\netcore-angular.csproj", "{35793563-66B4-441C-B464-1FFE3EE221A0}"
EndProject
Global
	GlobalSection(SolutionConfigurationPlatforms) = preSolution
		Debug|Any CPU = Debug|Any CPU
		Release|Any CPU = Release|Any CPU
	EndGlobalSection
	GlobalSection(ProjectConfigurationPlatforms) = postSolution
		{35793563-66B4-441C-B464-1FFE3EE221A0}.Debug|Any CPU.ActiveCfg = Debug|Any CPU
		{35793563-66B4-441C-B464-1FFE3EE221A0}.Debug|Any CPU.Build.0 = Debug|Any CPU
		{35793563-66B4-441C-B464-1FFE3EE221A0}.Release|Any CPU.ActiveCfg = Release|Any CPU
		{35793563-66B4-441C-B464-1FFE3EE221A0}.Release|Any CPU.Build.0 = Release|Any CPU
	EndGlobalSection
	GlobalSection(SolutionProperties) = preSolution
		HideSolutionNode = FALSE
	EndGlobalSection
	GlobalSection(ExtensibilityGlobals) = postSolution
		SolutionGuid = {691C82B0-3D18-473E-BD57-C82B05ECAB7D}
	EndGlobalSection
EndGlobal
